
Microsoft Visual Studio Solution File, Format Version 12.00
# Visual Studio Version 18
VisualStudioVersion = 18.9.12120.119 stable
MinimumVisualStudioVersion = 10.0.40219.1
Project("{FAE04EC0-301F-11D3-BF4B-00C04F79EFBC}") = "FluentCanvas.InkAnalyzerCore", "FluentCanvas.InkAnalyzerCore\FluentCanvas.InkAnalyzerCore.csproj", "{DCE21B12-6EF2-489A-B340-BCA41EC92C44}"
EndProject
Project("{C7167F0D-BC9F-4E6E-AFE1-012C56B48DB5}") = "FluentCanvas.Package", "FluentCanvas.Package\FluentCanvas.Package.wapproj", "{C2E08DA0-0CB3-4F49-AD2E-E7B8BE59429B}"
EndProject
Project("{FAE04EC0-301F-11D3-BF4B-00C04F79EFBC}") = "FluentCanvas", "FluentCanvas\FluentCanvas.csproj", "{095BC09D-6E97-80F1-B83D-EBF6654E1251}"
EndProject
Global
	GlobalSection(SolutionConfigurationPlatforms) = preSolution
		Debug|ARM64 = Debug|ARM64
		Debug|x64 = Debug|x64
		Debug|x86 = Debug|x86
		Release|ARM64 = Release|ARM64
		Release|x64 = Release|x64
		Release|x86 = Release|x86
	EndGlobalSection
	GlobalSection(ProjectConfigurationPlatforms) = postSolution
		{DCE21B12-6EF2-489A-B340-BCA41EC92C44}.Debug|ARM64.ActiveCfg = Debug|Any CPU
		{DCE21B12-6EF2-489A-B340-BCA41EC92C44}.Debug|ARM64.Build.0 = Debug|Any CPU
		{DCE21B12-6EF2-489A-B340-BCA41EC92C44}.Debug|x64.ActiveCfg = Debug|Any CPU
		{DCE21B12-6EF2-489A-B340-BCA41EC92C44}.Debug|x64.Build.0 = Debug|Any CPU
		{DCE21B12-6EF2-489A-B340-BCA41EC92C44}.Debug|x86.ActiveCfg = Debug|Any CPU
		{DCE21B12-6EF2-489A-B340-BCA41EC92C44}.Debug|x86.Build.0 = Debug|Any CPU
		{DCE21B12-6EF2-489A-B340-BCA41EC92C44}.Release|ARM64.ActiveCfg = Release|Any CPU
		{DCE21B12-6EF2-489A-B340-BCA41EC92C44}.Release|ARM64.Build.0 = Release|Any CPU
		{DCE21B12-6EF2-489A-B340-BCA41EC92C44}.Release|x64.ActiveCfg = Release|Any CPU
		{DCE21B12-6EF2-489A-B340-BCA41EC92C44}.Release|x64.Build.0 = Release|Any CPU
		{DCE21B12-6EF2-489A-B340-BCA41EC92C44}.Release|x86.ActiveCfg = Release|Any CPU
		{DCE21B12-6EF2-489A-B340-BCA41EC92C44}.Release|x86.Build.0 = Release|Any CPU
		{C2E08DA0-0CB3-4F49-AD2E-E7B8BE59429B}.Debug|ARM64.ActiveCfg = Debug|ARM64
		{C2E08DA0-0CB3-4F49-AD2E-E7B8BE59429B}.Debug|ARM64.Build.0 = Debug|ARM64
		{C2E08DA0-0CB3-4F49-AD2E-E7B8BE59429B}.Debug|ARM64.Deploy.0 = Debug|ARM64
		{C2E08DA0-0CB3-4F49-AD2E-E7B8BE59429B}.Debug|x64.ActiveCfg = Debug|x64
		{C2E08DA0-0CB3-4F49-AD2E-E7B8BE59429B}.Debug|x64.Build.0 = Debug|x64
		{C2E08DA0-0CB3-4F49-AD2E-E7B8BE59429B}.Debug|x64.Deploy.0 = Debug|x64
		{C2E08DA0-0CB3-4F49-AD2E-E7B8BE59429B}.Debug|x86.ActiveCfg = Debug|x86
		{C2E08DA0-0CB3-4F49-AD2E-E7B8BE59429B}.Debug|x86.Build.0 = Debug|x86
		{C2E08DA0-0CB3-4F49-AD2E-E7B8BE59429B}.Debug|x86.Deploy.0 = Debug|x86
		{C2E08DA0-0CB3-4F49-AD2E-E7B8BE59429B}.Release|ARM64.ActiveCfg = Release|ARM64
		{C2E08DA0-0CB3-4F49-AD2E-E7B8BE59429B}.Release|ARM64.Build.0 = Release|ARM64
		{C2E08DA0-0CB3-4F49-AD2E-E7B8BE59429B}.Release|ARM64.Deploy.0 = Release|ARM64
		{C2E08DA0-0CB3-4F49-AD2E-E7B8BE59429B}.Release|x64.ActiveCfg = Release|x64
		{C2E08DA0-0CB3-4F49-AD2E-E7B8BE59429B}.Release|x64.Build.0 = Release|x64
		{C2E08DA0-0CB3-4F49-AD2E-E7B8BE59429B}.Release|x64.Deploy.0 = Release|x64
		{C2E08DA0-0CB3-4F49-AD2E-E7B8BE59429B}.Release|x86.ActiveCfg = Release|x86
		{C2E08DA0-0CB3-4F49-AD2E-E7B8BE59429B}.Release|x86.Build.0 = Release|x86
		{C2E08DA0-0CB3-4F49-AD2E-E7B8BE59429B}.Release|x86.Deploy.0 = Release|x86
		{095BC09D-6E97-80F1-B83D-EBF6654E1251}.Debug|ARM64.ActiveCfg = Debug|ARM64
		{095BC09D-6E97-80F1-B83D-EBF6654E1251}.Debug|ARM64.Build.0 = Debug|ARM64
		{095BC09D-6E97-80F1-B83D-EBF6654E1251}.Debug|x64.ActiveCfg = Debug|x64
		{095BC09D-6E97-80F1-B83D-EBF6654E1251}.Debug|x64.Build.0 = Debug|x64
		{095BC09D-6E97-80F1-B83D-EBF6654E1251}.Debug|x86.ActiveCfg = Debug|x86
		{095BC09D-6E97-80F1-B83D-EBF6654E1251}.Debug|x86.Build.0 = Debug|x86
		{095BC09D-6E97-80F1-B83D-EBF6654E1251}.Release|ARM64.ActiveCfg = Release|ARM64
		{095BC09D-6E97-80F1-B83D-EBF6654E1251}.Release|ARM64.Build.0 = Release|ARM64
		{095BC09D-6E97-80F1-B83D-EBF6654E1251}.Release|x64.ActiveCfg = Release|x64
		{095BC09D-6E97-80F1-B83D-EBF6654E1251}.Release|x64.Build.0 = Release|x64
		{095BC09D-6E97-80F1-B83D-EBF6654E1251}.Release|x86.ActiveCfg = Release|x86
		{095BC09D-6E97-80F1-B83D-EBF6654E1251}.Release|x86.Build.0 = Release|x86
	EndGlobalSection
	GlobalSection(SolutionProperties) = preSolution
		HideSolutionNode = FALSE
	EndGlobalSection
	GlobalSection(ExtensibilityGlobals) = postSolution
		SolutionGuid = {89B9DD11-110D-428C-AB08-859B7F4B4E19}
	EndGlobalSection
EndGlobal
